// !$*UTF8*$!
{
	archiveVersion = 1;
	classes = {
	};
	objectVersion = 56;
	objects = {

/* Begin PBXBuildFile section */
		177182052C39273800D0D22D /* LuckyVicky_iOSApp.swift in Sources */ = {isa = PBXBuildFile; fileRef = 177182042C39273800D0D22D /* LuckyVicky_iOSApp.swift */; };
		1771820C2C39273900D0D22D /* Preview Assets.xcassets in Resources */ = {isa = PBXBuildFile; fileRef = 1771820B2C39273900D0D22D /* Preview Assets.xcassets */; };
		177182132C39278800D0D22D /* ContentView.swift in Sources */ = {isa = PBXBuildFile; fileRef = 177182122C39278700D0D22D /* ContentView.swift */; };
		177182152C39279800D0D22D /* Assets.xcassets in Resources */ = {isa = PBXBuildFile; fileRef = 177182142C39279800D0D22D /* Assets.xcassets */; };
		177182172C3927E300D0D22D /* Color+.swift in Sources */ = {isa = PBXBuildFile; fileRef = 177182162C3927E300D0D22D /* Color+.swift */; };
		177182202C39480800D0D22D /* TextField+.swift in Sources */ = {isa = PBXBuildFile; fileRef = 1771821F2C39480800D0D22D /* TextField+.swift */; };
		177182292C396D6500D0D22D /* ChatGPTSwift in Frameworks */ = {isa = PBXBuildFile; productRef = 177182282C396D6500D0D22D /* ChatGPTSwift */; };
		1771822D2C396DC000D0D22D /* GPTManager.swift in Sources */ = {isa = PBXBuildFile; fileRef = 1771822C2C396DC000D0D22D /* GPTManager.swift */; };
		177182332C39A6C700D0D22D /* AlertToast in Frameworks */ = {isa = PBXBuildFile; productRef = 177182322C39A6C700D0D22D /* AlertToast */; };
/* End PBXBuildFile section */

/* Begin PBXFileReference section */
		177182012C39273800D0D22D /* LuckyVicky-iOS.app */ = {isa = PBXFileReference; explicitFileType = wrapper.application; includeInIndex = 0; path = "LuckyVicky-iOS.app"; sourceTree = BUILT_PRODUCTS_DIR; };
		177182042C39273800D0D22D /* LuckyVicky_iOSApp.swift */ = {isa = PBXFileReference; lastKnownFileType = sourcecode.swift; path = LuckyVicky_iOSApp.swift; sourceTree = "<group>"; };
		1771820B2C39273900D0D22D /* Preview Assets.xcassets */ = {isa = PBXFileReference; lastKnownFileType = folder.assetcatalog; path = "Preview Assets.xcassets"; sourceTree = "<group>"; };
		177182122C39278700D0D22D /* ContentView.swift */ = {isa = PBXFileReference; fileEncoding = 4; lastKnownFileType = sourcecode.swift; path = ContentView.swift; sourceTree = "<group>"; };
		177182142C39279800D0D22D /* Assets.xcassets */ = {isa = PBXFileReference; lastKnownFileType = folder.assetcatalog; path = Assets.xcassets; sourceTree = "<group>"; };
		177182162C3927E300D0D22D /* Color+.swift */ = {isa = PBXFileReference; fileEncoding = 4; lastKnownFileType = sourcecode.swift; path = "Color+.swift"; sourceTree = "<group>"; };
		1771821F2C39480800D0D22D /* TextField+.swift */ = {isa = PBXFileReference; lastKnownFileType = sourcecode.swift; path = "TextField+.swift"; sourceTree = "<group>"; };
		1771822A2C396D9E00D0D22D /* Secret.xcconfig */ = {isa = PBXFileReference; lastKnownFileType = text.xcconfig; path = Secret.xcconfig; sourceTree = "<group>"; };
		1771822C2C396DC000D0D22D /* GPTManager.swift */ = {isa = PBXFileReference; lastKnownFileType = sourcecode.swift; path = GPTManager.swift; sourceTree = "<group>"; };
		177182302C3971BF00D0D22D /* Info.plist */ = {isa = PBXFileReference; lastKnownFileType = text.plist; path = Info.plist; sourceTree = "<group>"; };
/* End PBXFileReference section */

/* Begin PBXFrameworksBuildPhase section */
		177181FE2C39273800D0D22D /* Frameworks */ = {
			isa = PBXFrameworksBuildPhase;
			buildActionMask = 2147483647;
			files = (
				177182292C396D6500D0D22D /* ChatGPTSwift in Frameworks */,
				177182332C39A6C700D0D22D /* AlertToast in Frameworks */,
			);
			runOnlyForDeploymentPostprocessing = 0;
		};
/* End PBXFrameworksBuildPhase section */

/* Begin PBXGroup section */
		177181F82C39273800D0D22D = {
			isa = PBXGroup;
			children = (
				177182032C39273800D0D22D /* LuckyVicky-iOS */,
				177182022C39273800D0D22D /* Products */,
			);
			sourceTree = "<group>";
		};
		177182022C39273800D0D22D /* Products */ = {
			isa = PBXGroup;
			children = (
				177182012C39273800D0D22D /* LuckyVicky-iOS.app */,
			);
			name = Products;
			sourceTree = "<group>";
		};
		177182032C39273800D0D22D /* LuckyVicky-iOS */ = {
			isa = PBXGroup;
			children = (
				177182302C3971BF00D0D22D /* Info.plist */,
				1771822B2C396DB200D0D22D /* Manager */,
				177182242C3964C700D0D22D /* App */,
				177182232C39641200D0D22D /* View */,
				177182252C3964D100D0D22D /* Helper */,
			);
			path = "LuckyVicky-iOS";
			sourceTree = "<group>";
		};
		1771820A2C39273900D0D22D /* Preview Content */ = {
			isa = PBXGroup;
			children = (
				1771820B2C39273900D0D22D /* Preview Assets.xcassets */,
			);
			path = "Preview Content";
			sourceTree = "<group>";
		};
		177182232C39641200D0D22D /* View */ = {
			isa = PBXGroup;
			children = (
				177182122C39278700D0D22D /* ContentView.swift */,
			);
			path = View;
			sourceTree = "<group>";
		};
		177182242C3964C700D0D22D /* App */ = {
			isa = PBXGroup;
			children = (
				177182042C39273800D0D22D /* LuckyVicky_iOSApp.swift */,
				1771822A2C396D9E00D0D22D /* Secret.xcconfig */,
				177182142C39279800D0D22D /* Assets.xcassets */,
				1771820A2C39273900D0D22D /* Preview Content */,
			);
			path = App;
			sourceTree = "<group>";
		};
		177182252C3964D100D0D22D /* Helper */ = {
			isa = PBXGroup;
			children = (
				177182162C3927E300D0D22D /* Color+.swift */,
				1771821F2C39480800D0D22D /* TextField+.swift */,
			);
			path = Helper;
			sourceTree = "<group>";
		};
		1771822B2C396DB200D0D22D /* Manager */ = {
			isa = PBXGroup;
			children = (
				1771822C2C396DC000D0D22D /* GPTManager.swift */,
			);
			path = Manager;
			sourceTree = "<group>";
		};
/* End PBXGroup section */

/* Begin PBXNativeTarget section */
		177182002C39273800D0D22D /* LuckyVicky-iOS */ = {
			isa = PBXNativeTarget;
			buildConfigurationList = 1771820F2C39273900D0D22D /* Build configuration list for PBXNativeTarget "LuckyVicky-iOS" */;
			buildPhases = (
				177181FD2C39273800D0D22D /* Sources */,
				177181FE2C39273800D0D22D /* Frameworks */,
				177181FF2C39273800D0D22D /* Resources */,
			);
			buildRules = (
			);
			dependencies = (
			);
			name = "LuckyVicky-iOS";
			packageProductDependencies = (
				177182282C396D6500D0D22D /* ChatGPTSwift */,
				177182322C39A6C700D0D22D /* AlertToast */,
			);
			productName = "LuckyVicky-iOS";
			productReference = 177182012C39273800D0D22D /* LuckyVicky-iOS.app */;
			productType = "com.apple.product-type.application";
		};
/* End PBXNativeTarget section */

/* Begin PBXProject section */
		177181F92C39273800D0D22D /* Project object */ = {
			isa = PBXProject;
			attributes = {
				BuildIndependentTargetsInParallel = 1;
				LastSwiftUpdateCheck = 1540;
				LastUpgradeCheck = 1540;
				TargetAttributes = {
					177182002C39273800D0D22D = {
						CreatedOnToolsVersion = 15.4;
					};
				};
			};
			buildConfigurationList = 177181FC2C39273800D0D22D /* Build configuration list for PBXProject "LuckyVicky-iOS" */;
			compatibilityVersion = "Xcode 14.0";
			developmentRegion = en;
			hasScannedForEncodings = 0;
			knownRegions = (
				en,
				Base,
			);
			mainGroup = 177181F82C39273800D0D22D;
			packageReferences = (
				177182272C396D6500D0D22D /* XCRemoteSwiftPackageReference "ChatGPTSwift" */,
				177182312C39A6C700D0D22D /* XCRemoteSwiftPackageReference "AlertToast" */,
			);
			productRefGroup = 177182022C39273800D0D22D /* Products */;
			projectDirPath = "";
			projectRoot = "";
			targets = (
				177182002C39273800D0D22D /* LuckyVicky-iOS */,
			);
		};
/* End PBXProject section */

/* Begin PBXResourcesBuildPhase section */
		177181FF2C39273800D0D22D /* Resources */ = {
			isa = PBXResourcesBuildPhase;
			buildActionMask = 2147483647;
			files = (
				177182152C39279800D0D22D /* Assets.xcassets in Resources */,
				1771820C2C39273900D0D22D /* Preview Assets.xcassets in Resources */,
			);
			runOnlyForDeploymentPostprocessing = 0;
		};
/* End PBXResourcesBuildPhase section */

/* Begin PBXSourcesBuildPhase section */
		177181FD2C39273800D0D22D /* Sources */ = {
			isa = PBXSourcesBuildPhase;
			buildActionMask = 2147483647;
			files = (
				177182132C39278800D0D22D /* ContentView.swift in Sources */,
				177182202C39480800D0D22D /* TextField+.swift in Sources */,
				177182172C3927E300D0D22D /* Color+.swift in Sources */,
				1771822D2C396DC000D0D22D /* GPTManager.swift in Sources */,
				177182052C39273800D0D22D /* LuckyVicky_iOSApp.swift in Sources */,
			);
			runOnlyForDeploymentPostprocessing = 0;
		};
/* End PBXSourcesBuildPhase section */

/* Begin XCBuildConfiguration section */
		1771820D2C39273900D0D22D /* Debug */ = {
			isa = XCBuildConfiguration;
			baseConfigurationReference = 1771822A2C396D9E00D0D22D /* Secret.xcconfig */;
			buildSettings = {
				ALWAYS_SEARCH_USER_PATHS = NO;
				ASSETCATALOG_COMPILER_GENERATE_SWIFT_ASSET_SYMBOL_EXTENSIONS = YES;
				CLANG_ANALYZER_NONNULL = YES;
				CLANG_ANALYZER_NUMBER_OBJECT_CONVERSION = YES_AGGRESSIVE;
				CLANG_CXX_LANGUAGE_STANDARD = "gnu++20";
				CLANG_ENABLE_MODULES = YES;
				CLANG_ENABLE_OBJC_ARC = YES;
				CLANG_ENABLE_OBJC_WEAK = YES;
				CLANG_WARN_BLOCK_CAPTURE_AUTORELEASING = YES;
				CLANG_WARN_BOOL_CONVERSION = YES;
				CLANG_WARN_COMMA = YES;
				CLANG_WARN_CONSTANT_CONVERSION = YES;
				CLANG_WARN_DEPRECATED_OBJC_IMPLEMENTATIONS = YES;
				CLANG_WARN_DIRECT_OBJC_ISA_USAGE = YES_ERROR;
				CLANG_WARN_DOCUMENTATION_COMMENTS = YES;
				CLANG_WARN_EMPTY_BODY = YES;
				CLANG_WARN_ENUM_CONVERSION = YES;
				CLANG_WARN_INFINITE_RECURSION = YES;
				CLANG_WARN_INT_CONVERSION = YES;
				CLANG_WARN_NON_LITERAL_NULL_CONVERSION = YES;
				CLANG_WARN_OBJC_IMPLICIT_RETAIN_SELF = YES;
				CLANG_WARN_OBJC_LITERAL_CONVERSION = YES;
				CLANG_WARN_OBJC_ROOT_CLASS = YES_ERROR;
				CLANG_WARN_QUOTED_INCLUDE_IN_FRAMEWORK_HEADER = YES;
				CLANG_WARN_RANGE_LOOP_ANALYSIS = YES;
				CLANG_WARN_STRICT_PROTOTYPES = YES;
				CLANG_WARN_SUSPICIOUS_MOVE = YES;
				CLANG_WARN_UNGUARDED_AVAILABILITY = YES_AGGRESSIVE;
				CLANG_WARN_UNREACHABLE_CODE = YES;
				CLANG_WARN__DUPLICATE_METHOD_MATCH = YES;
				COPY_PHASE_STRIP = NO;
				DEBUG_INFORMATION_FORMAT = dwarf;
				ENABLE_STRICT_OBJC_MSGSEND = YES;
				ENABLE_TESTABILITY = YES;
				ENABLE_USER_SCRIPT_SANDBOXING = YES;
				GCC_C_LANGUAGE_STANDARD = gnu17;
				GCC_DYNAMIC_NO_PIC = NO;
				GCC_NO_COMMON_BLOCKS = YES;
				GCC_OPTIMIZATION_LEVEL = 0;
				GCC_PREPROCESSOR_DEFINITIONS = (
					"DEBUG=1",
					"$(inherited)",
				);
				GCC_WARN_64_TO_32_BIT_CONVERSION = YES;
				GCC_WARN_ABOUT_RETURN_TYPE = YES_ERROR;
				GCC_WARN_UNDECLARED_SELECTOR = YES;
				GCC_WARN_UNINITIALIZED_AUTOS = YES_AGGRESSIVE;
				GCC_WARN_UNUSED_FUNCTION = YES;
				GCC_WARN_UNUSED_VARIABLE = YES;
				IPHONEOS_DEPLOYMENT_TARGET = 16.0;
				LOCALIZATION_PREFERS_STRING_CATALOGS = YES;
				MTL_ENABLE_DEBUG_INFO = INCLUDE_SOURCE;
				MTL_FAST_MATH = YES;
				ONLY_ACTIVE_ARCH = YES;
				SDKROOT = iphoneos;
				SWIFT_ACTIVE_COMPILATION_CONDITIONS = "DEBUG $(inherited)";
				SWIFT_OPTIMIZATION_LEVEL = "-Onone";
			};
			name = Debug;
		};
		1771820E2C39273900D0D22D /* Release */ = {
			isa = XCBuildConfiguration;
			baseConfigurationReference = 1771822A2C396D9E00D0D22D /* Secret.xcconfig */;
			buildSettings = {
				ALWAYS_SEARCH_USER_PATHS = NO;
				ASSETCATALOG_COMPILER_GENERATE_SWIFT_ASSET_SYMBOL_EXTENSIONS = YES;
				CLANG_ANALYZER_NONNULL = YES;
				CLANG_ANALYZER_NUMBER_OBJECT_CONVERSION = YES_AGGRESSIVE;
				CLANG_CXX_LANGUAGE_STANDARD = "gnu++20";
				CLANG_ENABLE_MODULES = YES;
				CLANG_ENABLE_OBJC_ARC = YES;
				CLANG_ENABLE_OBJC_WEAK = YES;
				CLANG_WARN_BLOCK_CAPTURE_AUTORELEASING = YES;
				CLANG_WARN_BOOL_CONVERSION = YES;
				CLANG_WARN_COMMA = YES;
				CLANG_WARN_CONSTANT_CONVERSION = YES;
				CLANG_WARN_DEPRECATED_OBJC_IMPLEMENTATIONS = YES;
				CLANG_WARN_DIRECT_OBJC_ISA_USAGE = YES_ERROR;
				CLANG_WARN_DOCUMENTATION_COMMENTS = YES;
				CLANG_WARN_EMPTY_BODY = YES;
				CLANG_WARN_ENUM_CONVERSION = YES;
				CLANG_WARN_INFINITE_RECURSION = YES;
				CLANG_WARN_INT_CONVERSION = YES;
				CLANG_WARN_NON_LITERAL_NULL_CONVERSION = YES;
				CLANG_WARN_OBJC_IMPLICIT_RETAIN_SELF = YES;
				CLANG_WARN_OBJC_LITERAL_CONVERSION = YES;
				CLANG_WARN_OBJC_ROOT_CLASS = YES_ERROR;
				CLANG_WARN_QUOTED_INCLUDE_IN_FRAMEWORK_HEADER = YES;
				CLANG_WARN_RANGE_LOOP_ANALYSIS = YES;
				CLANG_WARN_STRICT_PROTOTYPES = YES;
				CLANG_WARN_SUSPICIOUS_MOVE = YES;
				CLANG_WARN_UNGUARDED_AVAILABILITY = YES_AGGRESSIVE;
				CLANG_WARN_UNREACHABLE_CODE = YES;
				CLANG_WARN__DUPLICATE_METHOD_MATCH = YES;
				COPY_PHASE_STRIP = NO;
				DEBUG_INFORMATION_FORMAT = "dwarf-with-dsym";
				ENABLE_NS_ASSERTIONS = NO;
				ENABLE_STRICT_OBJC_MSGSEND = YES;
				ENABLE_USER_SCRIPT_SANDBOXING = YES;
				GCC_C_LANGUAGE_STANDARD = gnu17;
				GCC_NO_COMMON_BLOCKS = YES;
				GCC_WARN_64_TO_32_BIT_CONVERSION = YES;
				GCC_WARN_ABOUT_RETURN_TYPE = YES_ERROR;
				GCC_WARN_UNDECLARED_SELECTOR = YES;
				GCC_WARN_UNINITIALIZED_AUTOS = YES_AGGRESSIVE;
				GCC_WARN_UNUSED_FUNCTION = YES;
				GCC_WARN_UNUSED_VARIABLE = YES;
				IPHONEOS_DEPLOYMENT_TARGET = 16.0;
				LOCALIZATION_PREFERS_STRING_CATALOGS = YES;
				MTL_ENABLE_DEBUG_INFO = NO;
				MTL_FAST_MATH = YES;
				SDKROOT = iphoneos;
				SWIFT_COMPILATION_MODE = wholemodule;
				VALIDATE_PRODUCT = YES;
			};
			name = Release;
		};
		177182102C39273900D0D22D /* Debug */ = {
			isa = XCBuildConfiguration;
			baseConfigurationReference = 1771822A2C396D9E00D0D22D /* Secret.xcconfig */;
			buildSettings = {
				ASSETCATALOG_COMPILER_APPICON_NAME = AppIcon;
				ASSETCATALOG_COMPILER_GLOBAL_ACCENT_COLOR_NAME = AccentColor;
				CODE_SIGN_STYLE = Automatic;
				CURRENT_PROJECT_VERSION = 1;
				DEVELOPMENT_ASSET_PATHS = "\"LuckyVicky-iOS/App/Preview Content\"";
				DEVELOPMENT_TEAM = 47PZ53ZAF2;
				ENABLE_PREVIEWS = YES;
				GENERATE_INFOPLIST_FILE = YES;
				INFOPLIST_FILE = "LuckyVicky-iOS/Info.plist";
				INFOPLIST_KEY_UIApplicationSceneManifest_Generation = YES;
				INFOPLIST_KEY_UIApplicationSupportsIndirectInputEvents = YES;
				INFOPLIST_KEY_UILaunchScreen_Generation = YES;
				INFOPLIST_KEY_UISupportedInterfaceOrientations = UIInterfaceOrientationPortrait;
				INFOPLIST_KEY_UISupportedInterfaceOrientations_iPad = "UIInterfaceOrientationLandscapeLeft UIInterfaceOrientationLandscapeRight UIInterfaceOrientationPortrait UIInterfaceOrientationPortraitUpsideDown";
				INFOPLIST_KEY_UIUserInterfaceStyle = Light;
				IPHONEOS_DEPLOYMENT_TARGET = 16.0;
				LD_RUNPATH_SEARCH_PATHS = (
					"$(inherited)",
					"@executable_path/Frameworks",
				);
				MARKETING_VERSION = 1.0;
				PRODUCT_BUNDLE_IDENTIFIER = "com.namudi.LuckyVicky-iOS";
				PRODUCT_NAME = "$(TARGET_NAME)";
				SUPPORTED_PLATFORMS = "iphoneos iphonesimulator";
				SUPPORTS_MACCATALYST = NO;
				SUPPORTS_MAC_DESIGNED_FOR_IPHONE_IPAD = NO;
				SUPPORTS_XR_DESIGNED_FOR_IPHONE_IPAD = NO;
				SWIFT_EMIT_LOC_STRINGS = YES;
				SWIFT_VERSION = 5.0;
				TARGETED_DEVICE_FAMILY = 1;
			};
			name = Debug;
		};
		177182112C39273900D0D22D /* Release */ = {
			isa = XCBuildConfiguration;
			baseConfigurationReference = 1771822A2C396D9E00D0D22D /* Secret.xcconfig */;
			buildSettings = {
				ASSETCATALOG_COMPILER_APPICON_NAME = AppIcon;
				ASSETCATALOG_COMPILER_GLOBAL_ACCENT_COLOR_NAME = AccentColor;
				CODE_SIGN_STYLE = Automatic;
				CURRENT_PROJECT_VERSION = 1;
				DEVELOPMENT_ASSET_PATHS = "\"LuckyVicky-iOS/App/Preview Content\"";
				DEVELOPMENT_TEAM = 47PZ53ZAF2;
				ENABLE_PREVIEWS = YES;
				GENERATE_INFOPLIST_FILE = YES;
				INFOPLIST_FILE = "LuckyVicky-iOS/Info.plist";
				INFOPLIST_KEY_UIApplicationSceneManifest_Generation = YES;
				INFOPLIST_KEY_UIApplicationSupportsIndirectInputEvents = YES;
				INFOPLIST_KEY_UILaunchScreen_Generation = YES;
				INFOPLIST_KEY_UISupportedInterfaceOrientations = UIInterfaceOrientationPortrait;
				INFOPLIST_KEY_UISupportedInterfaceOrientations_iPad = "UIInterfaceOrientationLandscapeLeft UIInterfaceOrientationLandscapeRight UIInterfaceOrientationPortrait UIInterfaceOrientationPortraitUpsideDown";
				INFOPLIST_KEY_UIUserInterfaceStyle = Light;
				IPHONEOS_DEPLOYMENT_TARGET = 16.0;
				LD_RUNPATH_SEARCH_PATHS = (
					"$(inherited)",
					"@executable_path/Frameworks",
				);
				MARKETING_VERSION = 1.0;
				PRODUCT_BUNDLE_IDENTIFIER = "com.namudi.LuckyVicky-iOS";
				PRODUCT_NAME = "$(TARGET_NAME)";
				SUPPORTED_PLATFORMS = "iphoneos iphonesimulator";
				SUPPORTS_MACCATALYST = NO;
				SUPPORTS_MAC_DESIGNED_FOR_IPHONE_IPAD = NO;
				SUPPORTS_XR_DESIGNED_FOR_IPHONE_IPAD = NO;
				SWIFT_EMIT_LOC_STRINGS = YES;
				SWIFT_VERSION = 5.0;
				TARGETED_DEVICE_FAMILY = 1;
			};
			name = Release;
		};
/* End XCBuildConfiguration section */

/* Begin XCConfigurationList section */
		177181FC2C39273800D0D22D /* Build configuration list for PBXProject "LuckyVicky-iOS" */ = {
			isa = XCConfigurationList;
			buildConfigurations = (
				1771820D2C39273900D0D22D /* Debug */,
				1771820E2C39273900D0D22D /* Release */,
			);
			defaultConfigurationIsVisible = 0;
			defaultConfigurationName = Release;
		};
		1771820F2C39273900D0D22D /* Build configuration list for PBXNativeTarget "LuckyVicky-iOS" */ = {
			isa = XCConfigurationList;
			buildConfigurations = (
				177182102C39273900D0D22D /* Debug */,
				177182112C39273900D0D22D /* Release */,
			);
			defaultConfigurationIsVisible = 0;
			defaultConfigurationName = Release;
		};
/* End XCConfigurationList section */

/* Begin XCRemoteSwiftPackageReference section */
		177182272C396D6500D0D22D /* XCRemoteSwiftPackageReference "ChatGPTSwift" */ = {
			isa = XCRemoteSwiftPackageReference;
			repositoryURL = "https://github.com/alfianlosari/ChatGPTSwift.git";
			requirement = {
				kind = upToNextMajorVersion;
				minimumVersion = 2.3.1;
			};
		};
		177182312C39A6C700D0D22D /* XCRemoteSwiftPackageReference "AlertToast" */ = {
			isa = XCRemoteSwiftPackageReference;
			repositoryURL = "https://github.com/elai950/AlertToast.git";
			requirement = {
				kind = upToNextMajorVersion;
				minimumVersion = 1.3.9;
			};
		};
/* End XCRemoteSwiftPackageReference section */

/* Begin XCSwiftPackageProductDependency section */
		177182282C396D6500D0D22D /* ChatGPTSwift */ = {
			isa = XCSwiftPackageProductDependency;
			package = 177182272C396D6500D0D22D /* XCRemoteSwiftPackageReference "ChatGPTSwift" */;
			productName = ChatGPTSwift;
		};
		177182322C39A6C700D0D22D /* AlertToast */ = {
			isa = XCSwiftPackageProductDependency;
			package = 177182312C39A6C700D0D22D /* XCRemoteSwiftPackageReference "AlertToast" */;
			productName = AlertToast;
		};
/* End XCSwiftPackageProductDependency section */
	};
	rootObject = 177181F92C39273800D0D22D /* Project object */;
}
